
Microsoft Visual Studio Solution File, Format Version 12.00
# Visual Studio 14
VisualStudioVersion = 14.0.25420.1
MinimumVisualStudioVersion = 10.0.40219.1
Project("{FAE04EC0-301F-11D3-BF4B-00C04F79EFBC}") = "TagTag.Droid", "TagTag\TagTag.Droid\TagTag.Droid.csproj", "{8E5A9EEB-F6E2-4A87-897A-35C39A35124C}"
EndProject
Project("{FAE04EC0-301F-11D3-BF4B-00C04F79EFBC}") = "TagTag.iOS", "TagTag\TagTag.iOS\TagTag.iOS.csproj", "{CF980E19-1431-4307-B43B-ECC6AFD47947}"
EndProject
Project("{FAE04EC0-301F-11D3-BF4B-00C04F79EFBC}") = "TagTag.WinPhone", "TagTag\TagTag.WinPhone\TagTag.WinPhone.csproj", "{90130FDA-22C7-44FB-8116-8FF459F0F075}"
EndProject
Project("{FAE04EC0-301F-11D3-BF4B-00C04F79EFBC}") = "TagTag.UWP", "TagTag\TagTag.UWP\TagTag.UWP.csproj", "{9376AD9E-A20F-4363-873D-D0840022E902}"
EndProject
Project("{FAE04EC0-301F-11D3-BF4B-00C04F79EFBC}") = "TagTag.Windows", "TagTag\TagTag.Windows\TagTag.Windows.csproj", "{C4ACFBED-6B6D-4FEA-AEC3-8E38E164E7B1}"
EndProject
Project("{FAE04EC0-301F-11D3-BF4B-00C04F79EFBC}") = "TagTag", "TagTag\TagTag\TagTag.csproj", "{8775FBC6-5986-40CC-A40B-F994FB06B8E7}"
EndProject
Project("{FAE04EC0-301F-11D3-BF4B-00C04F79EFBC}") = "TagTag.Backend", "TagTag.Backend\TagTag.Backend.csproj", "{50B1A443-2A50-4E84-BE2C-24220CCEC3EF}"
EndProject
Project("{FAE04EC0-301F-11D3-BF4B-00C04F79EFBC}") = "ConsoleTestRunner", "ConsoleRunner\ConsoleTestRunner.csproj", "{F0B9B8B0-C8E1-4A7F-A354-CBEFE181513A}"
EndProject
Project("{D954291E-2A0B-460D-934E-DC6B0785DB48}") = "LibXamHelp", "..\LibXamHelp\LibXamHelp.shproj", "{8D05BA4B-B6DD-43A9-B8B3-8ED1A47A1CE2}"
EndProject
Global
	GlobalSection(SharedMSBuildProjectFiles) = preSolution
		..\LibXamHelp\LibXamHelp.projitems*{8775fbc6-5986-40cc-a40b-f994fb06b8e7}*SharedItemsImports = 4
		..\LibXamHelp\LibXamHelp.projitems*{8d05ba4b-b6dd-43a9-b8b3-8ed1a47a1ce2}*SharedItemsImports = 13
	EndGlobalSection
	GlobalSection(SolutionConfigurationPlatforms) = preSolution
		Ad-Hoc|Any CPU = Ad-Hoc|Any CPU
		Ad-Hoc|ARM = Ad-Hoc|ARM
		Ad-Hoc|iPhone = Ad-Hoc|iPhone
		Ad-Hoc|iPhoneSimulator = Ad-Hoc|iPhoneSimulator
		Ad-Hoc|x64 = Ad-Hoc|x64
		Ad-Hoc|x86 = Ad-Hoc|x86
		AppStore|Any CPU = AppStore|Any CPU
		AppStore|ARM = AppStore|ARM
		AppStore|iPhone = AppStore|iPhone
		AppStore|iPhoneSimulator = AppStore|iPhoneSimulator
		AppStore|x64 = AppStore|x64
		AppStore|x86 = AppStore|x86
		ConsoleRunner|Any CPU = ConsoleRunner|Any CPU
		ConsoleRunner|ARM = ConsoleRunner|ARM
		ConsoleRunner|iPhone = ConsoleRunner|iPhone
		ConsoleRunner|iPhoneSimulator = ConsoleRunner|iPhoneSimulator
		ConsoleRunner|x64 = ConsoleRunner|x64
		ConsoleRunner|x86 = ConsoleRunner|x86
		Debug|Any CPU = Debug|Any CPU
		Debug|ARM = Debug|ARM
		Debug|iPhone = Debug|iPhone
		Debug|iPhoneSimulator = Debug|iPhoneSimulator
		Debug|x64 = Debug|x64
		Debug|x86 = Debug|x86
		Release|Any CPU = Release|Any CPU
		Release|ARM = Release|ARM
		Release|iPhone = Release|iPhone
		Release|iPhoneSimulator = Release|iPhoneSimulator
		Release|x64 = Release|x64
		Release|x86 = Release|x86
	EndGlobalSection
	GlobalSection(ProjectConfigurationPlatforms) = postSolution
		{8E5A9EEB-F6E2-4A87-897A-35C39A35124C}.Ad-Hoc|Any CPU.ActiveCfg = Release|Any CPU
		{8E5A9EEB-F6E2-4A87-897A-35C39A35124C}.Ad-Hoc|Any CPU.Build.0 = Release|Any CPU
		{8E5A9EEB-F6E2-4A87-897A-35C39A35124C}.Ad-Hoc|Any CPU.Deploy.0 = Release|Any CPU
		{8E5A9EEB-F6E2-4A87-897A-35C39A35124C}.Ad-Hoc|ARM.ActiveCfg = Release|Any CPU
		{8E5A9EEB-F6E2-4A87-897A-35C39A35124C}.Ad-Hoc|ARM.Build.0 = Release|Any CPU
		{8E5A9EEB-F6E2-4A87-897A-35C39A35124C}.Ad-Hoc|ARM.Deploy.0 = Release|Any CPU
		{8E5A9EEB-F6E2-4A87-897A-35C39A35124C}.Ad-Hoc|iPhone.ActiveCfg = Release|Any CPU
		{8E5A9EEB-F6E2-4A87-897A-35C39A35124C}.Ad-Hoc|iPhone.Build.0 = Release|Any CPU
		{8E5A9EEB-F6E2-4A87-897A-35C39A35124C}.Ad-Hoc|iPhone.Deploy.0 = Release|Any CPU
		{8E5A9EEB-F6E2-4A87-897A-35C39A35124C}.Ad-Hoc|iPhoneSimulator.ActiveCfg = Release|Any CPU
		{8E5A9EEB-F6E2-4A87-897A-35C39A35124C}.Ad-Hoc|iPhoneSimulator.Build.0 = Release|Any CPU
		{8E5A9EEB-F6E2-4A87-897A-35C39A35124C}.Ad-Hoc|iPhoneSimulator.Deploy.0 = Release|Any CPU
		{8E5A9EEB-F6E2-4A87-897A-35C39A35124C}.Ad-Hoc|x64.ActiveCfg = Release|Any CPU
		{8E5A9EEB-F6E2-4A87-897A-35C39A35124C}.Ad-Hoc|x64.Build.0 = Release|Any CPU
		{8E5A9EEB-F6E2-4A87-897A-35C39A35124C}.Ad-Hoc|x64.Deploy.0 = Release|Any CPU
		{8E5A9EEB-F6E2-4A87-897A-35C39A35124C}.Ad-Hoc|x86.ActiveCfg = Release|Any CPU
		{8E5A9EEB-F6E2-4A87-897A-35C39A35124C}.Ad-Hoc|x86.Build.0 = Release|Any CPU
		{8E5A9EEB-F6E2-4A87-897A-35C39A35124C}.Ad-Hoc|x86.Deploy.0 = Release|Any CPU
		{8E5A9EEB-F6E2-4A87-897A-35C39A35124C}.AppStore|Any CPU.ActiveCfg = Release|Any CPU
		{8E5A9EEB-F6E2-4A87-897A-35C39A35124C}.AppStore|Any CPU.Build.0 = Release|Any CPU
		{8E5A9EEB-F6E2-4A87-897A-35C39A35124C}.AppStore|Any CPU.Deploy.0 = Release|Any CPU
		{8E5A9EEB-F6E2-4A87-897A-35C39A35124C}.AppStore|ARM.ActiveCfg = Release|Any CPU
		{8E5A9EEB-F6E2-4A87-897A-35C39A35124C}.AppStore|ARM.Build.0 = Release|Any CPU
		{8E5A9EEB-F6E2-4A87-897A-35C39A35124C}.AppStore|ARM.Deploy.0 = Release|Any CPU
		{8E5A9EEB-F6E2-4A87-897A-35C39A35124C}.AppStore|iPhone.ActiveCfg = Release|Any CPU
		{8E5A9EEB-F6E2-4A87-897A-35C39A35124C}.AppStore|iPhone.Build.0 = Release|Any CPU
		{8E5A9EEB-F6E2-4A87-897A-35C39A35124C}.AppStore|iPhone.Deploy.0 = Release|Any CPU
		{8E5A9EEB-F6E2-4A87-897A-35C39A35124C}.AppStore|iPhoneSimulator.ActiveCfg = Release|Any CPU
		{8E5A9EEB-F6E2-4A87-897A-35C39A35124C}.AppStore|iPhoneSimulator.Build.0 = Release|Any CPU
		{8E5A9EEB-F6E2-4A87-897A-35C39A35124C}.AppStore|iPhoneSimulator.Deploy.0 = Release|Any CPU
		{8E5A9EEB-F6E2-4A87-897A-35C39A35124C}.AppStore|x64.ActiveCfg = Release|Any CPU
		{8E5A9EEB-F6E2-4A87-897A-35C39A35124C}.AppStore|x64.Build.0 = Release|Any CPU
		{8E5A9EEB-F6E2-4A87-897A-35C39A35124C}.AppStore|x64.Deploy.0 = Release|Any CPU
		{8E5A9EEB-F6E2-4A87-897A-35C39A35124C}.AppStore|x86.ActiveCfg = Release|Any CPU
		{8E5A9EEB-F6E2-4A87-897A-35C39A35124C}.AppStore|x86.Build.0 = Release|Any CPU
		{8E5A9EEB-F6E2-4A87-897A-35C39A35124C}.AppStore|x86.Deploy.0 = Release|Any CPU
		{8E5A9EEB-F6E2-4A87-897A-35C39A35124C}.ConsoleRunner|Any CPU.ActiveCfg = ConsoleRunner|Any CPU
		{8E5A9EEB-F6E2-4A87-897A-35C39A35124C}.ConsoleRunner|ARM.ActiveCfg = ConsoleRunner|Any CPU
		{8E5A9EEB-F6E2-4A87-897A-35C39A35124C}.ConsoleRunner|ARM.Build.0 = ConsoleRunner|Any CPU
		{8E5A9EEB-F6E2-4A87-897A-35C39A35124C}.ConsoleRunner|ARM.Deploy.0 = ConsoleRunner|Any CPU
		{8E5A9EEB-F6E2-4A87-897A-35C39A35124C}.ConsoleRunner|iPhone.ActiveCfg = ConsoleRunner|Any CPU
		{8E5A9EEB-F6E2-4A87-897A-35C39A35124C}.ConsoleRunner|iPhone.Build.0 = ConsoleRunner|Any CPU
		{8E5A9EEB-F6E2-4A87-897A-35C39A35124C}.ConsoleRunner|iPhone.Deploy.0 = ConsoleRunner|Any CPU
		{8E5A9EEB-F6E2-4A87-897A-35C39A35124C}.ConsoleRunner|iPhoneSimulator.ActiveCfg = ConsoleRunner|Any CPU
		{8E5A9EEB-F6E2-4A87-897A-35C39A35124C}.ConsoleRunner|iPhoneSimulator.Build.0 = ConsoleRunner|Any CPU
		{8E5A9EEB-F6E2-4A87-897A-35C39A35124C}.ConsoleRunner|iPhoneSimulator.Deploy.0 = ConsoleRunner|Any CPU
		{8E5A9EEB-F6E2-4A87-897A-35C39A35124C}.ConsoleRunner|x64.ActiveCfg = ConsoleRunner|Any CPU
		{8E5A9EEB-F6E2-4A87-897A-35C39A35124C}.ConsoleRunner|x64.Build.0 = ConsoleRunner|Any CPU
		{8E5A9EEB-F6E2-4A87-897A-35C39A35124C}.ConsoleRunner|x64.Deploy.0 = ConsoleRunner|Any CPU
		{8E5A9EEB-F6E2-4A87-897A-35C39A35124C}.ConsoleRunner|x86.ActiveCfg = ConsoleRunner|Any CPU
		{8E5A9EEB-F6E2-4A87-897A-35C39A35124C}.ConsoleRunner|x86.Build.0 = ConsoleRunner|Any CPU
		{8E5A9EEB-F6E2-4A87-897A-35C39A35124C}.ConsoleRunner|x86.Deploy.0 = ConsoleRunner|Any CPU
		{8E5A9EEB-F6E2-4A87-897A-35C39A35124C}.Debug|Any CPU.ActiveCfg = Debug|Any CPU
		{8E5A9EEB-F6E2-4A87-897A-35C39A35124C}.Debug|Any CPU.Build.0 = Debug|Any CPU
		{8E5A9EEB-F6E2-4A87-897A-35C39A35124C}.Debug|Any CPU.Deploy.0 = Debug|Any CPU
		{8E5A9EEB-F6E2-4A87-897A-35C39A35124C}.Debug|ARM.ActiveCfg = Debug|Any CPU
		{8E5A9EEB-F6E2-4A87-897A-35C39A35124C}.Debug|ARM.Build.0 = Debug|Any CPU
		{8E5A9EEB-F6E2-4A87-897A-35C39A35124C}.Debug|ARM.Deploy.0 = Debug|Any CPU
		{8E5A9EEB-F6E2-4A87-897A-35C39A35124C}.Debug|iPhone.ActiveCfg = Debug|Any CPU
		{8E5A9EEB-F6E2-4A87-897A-35C39A35124C}.Debug|iPhone.Build.0 = Debug|Any CPU
		{8E5A9EEB-F6E2-4A87-897A-35C39A35124C}.Debug|iPhone.Deploy.0 = Debug|Any CPU
		{8E5A9EEB-F6E2-4A87-897A-35C39A35124C}.Debug|iPhoneSimulator.ActiveCfg = Debug|Any CPU
		{8E5A9EEB-F6E2-4A87-897A-35C39A35124C}.Debug|iPhoneSimulator.Build.0 = Debug|Any CPU
		{8E5A9EEB-F6E2-4A87-897A-35C39A35124C}.Debug|iPhoneSimulator.Deploy.0 = Debug|Any CPU
		{8E5A9EEB-F6E2-4A87-897A-35C39A35124C}.Debug|x64.ActiveCfg = Debug|Any CPU
		{8E5A9EEB-F6E2-4A87-897A-35C39A35124C}.Debug|x64.Build.0 = Debug|Any CPU
		{8E5A9EEB-F6E2-4A87-897A-35C39A35124C}.Debug|x64.Deploy.0 = Debug|Any CPU
		{8E5A9EEB-F6E2-4A87-897A-35C39A35124C}.Debug|x86.ActiveCfg = Debug|Any CPU
		{8E5A9EEB-F6E2-4A87-897A-35C39A35124C}.Debug|x86.Build.0 = Debug|Any CPU
		{8E5A9EEB-F6E2-4A87-897A-35C39A35124C}.Debug|x86.Deploy.0 = Debug|Any CPU
		{8E5A9EEB-F6E2-4A87-897A-35C39A35124C}.Release|Any CPU.ActiveCfg = Release|Any CPU
		{8E5A9EEB-F6E2-4A87-897A-35C39A35124C}.Release|Any CPU.Build.0 = Release|Any CPU
		{8E5A9EEB-F6E2-4A87-897A-35C39A35124C}.Release|Any CPU.Deploy.0 = Release|Any CPU
		{8E5A9EEB-F6E2-4A87-897A-35C39A35124C}.Release|ARM.ActiveCfg = Release|Any CPU
		{8E5A9EEB-F6E2-4A87-897A-35C39A35124C}.Release|ARM.Build.0 = Release|Any CPU
		{8E5A9EEB-F6E2-4A87-897A-35C39A35124C}.Release|ARM.Deploy.0 = Release|Any CPU
		{8E5A9EEB-F6E2-4A87-897A-35C39A35124C}.Release|iPhone.ActiveCfg = Release|Any CPU
		{8E5A9EEB-F6E2-4A87-897A-35C39A35124C}.Release|iPhone.Build.0 = Release|Any CPU
		{8E5A9EEB-F6E2-4A87-897A-35C39A35124C}.Release|iPhone.Deploy.0 = Release|Any CPU
		{8E5A9EEB-F6E2-4A87-897A-35C39A35124C}.Release|iPhoneSimulator.ActiveCfg = Release|Any CPU
		{8E5A9EEB-F6E2-4A87-897A-35C39A35124C}.Release|iPhoneSimulator.Build.0 = Release|Any CPU
		{8E5A9EEB-F6E2-4A87-897A-35C39A35124C}.Release|iPhoneSimulator.Deploy.0 = Release|Any CPU
		{8E5A9EEB-F6E2-4A87-897A-35C39A35124C}.Release|x64.ActiveCfg = Release|Any CPU
		{8E5A9EEB-F6E2-4A87-897A-35C39A35124C}.Release|x64.Build.0 = Release|Any CPU
		{8E5A9EEB-F6E2-4A87-897A-35C39A35124C}.Release|x64.Deploy.0 = Release|Any CPU
		{8E5A9EEB-F6E2-4A87-897A-35C39A35124C}.Release|x86.ActiveCfg = Release|Any CPU
		{8E5A9EEB-F6E2-4A87-897A-35C39A35124C}.Release|x86.Build.0 = Release|Any CPU
		{8E5A9EEB-F6E2-4A87-897A-35C39A35124C}.Release|x86.Deploy.0 = Release|Any CPU
		{CF980E19-1431-4307-B43B-ECC6AFD47947}.Ad-Hoc|Any CPU.ActiveCfg = Ad-Hoc|iPhone
		{CF980E19-1431-4307-B43B-ECC6AFD47947}.Ad-Hoc|ARM.ActiveCfg = Ad-Hoc|iPhone
		{CF980E19-1431-4307-B43B-ECC6AFD47947}.Ad-Hoc|iPhone.ActiveCfg = Ad-Hoc|iPhone
		{CF980E19-1431-4307-B43B-ECC6AFD47947}.Ad-Hoc|iPhone.Build.0 = Ad-Hoc|iPhone
		{CF980E19-1431-4307-B43B-ECC6AFD47947}.Ad-Hoc|iPhoneSimulator.ActiveCfg = Ad-Hoc|iPhoneSimulator
		{CF980E19-1431-4307-B43B-ECC6AFD47947}.Ad-Hoc|iPhoneSimulator.Build.0 = Ad-Hoc|iPhoneSimulator
		{CF980E19-1431-4307-B43B-ECC6AFD47947}.Ad-Hoc|x64.ActiveCfg = Ad-Hoc|iPhone
		{CF980E19-1431-4307-B43B-ECC6AFD47947}.Ad-Hoc|x86.ActiveCfg = Ad-Hoc|iPhone
		{CF980E19-1431-4307-B43B-ECC6AFD47947}.AppStore|Any CPU.ActiveCfg = AppStore|iPhone
		{CF980E19-1431-4307-B43B-ECC6AFD47947}.AppStore|ARM.ActiveCfg = AppStore|iPhone
		{CF980E19-1431-4307-B43B-ECC6AFD47947}.AppStore|iPhone.ActiveCfg = AppStore|iPhone
		{CF980E19-1431-4307-B43B-ECC6AFD47947}.AppStore|iPhone.Build.0 = AppStore|iPhone
		{CF980E19-1431-4307-B43B-ECC6AFD47947}.AppStore|iPhoneSimulator.ActiveCfg = AppStore|iPhoneSimulator
		{CF980E19-1431-4307-B43B-ECC6AFD47947}.AppStore|iPhoneSimulator.Build.0 = AppStore|iPhoneSimulator
		{CF980E19-1431-4307-B43B-ECC6AFD47947}.AppStore|x64.ActiveCfg = AppStore|iPhone
		{CF980E19-1431-4307-B43B-ECC6AFD47947}.AppStore|x86.ActiveCfg = AppStore|iPhone
		{CF980E19-1431-4307-B43B-ECC6AFD47947}.ConsoleRunner|Any CPU.ActiveCfg = ConsoleRunner|iPhone
		{CF980E19-1431-4307-B43B-ECC6AFD47947}.ConsoleRunner|ARM.ActiveCfg = ConsoleRunner|iPhone
		{CF980E19-1431-4307-B43B-ECC6AFD47947}.ConsoleRunner|iPhone.ActiveCfg = ConsoleRunner|iPhone
		{CF980E19-1431-4307-B43B-ECC6AFD47947}.ConsoleRunner|iPhone.Build.0 = ConsoleRunner|iPhone
		{CF980E19-1431-4307-B43B-ECC6AFD47947}.ConsoleRunner|iPhoneSimulator.ActiveCfg = ConsoleRunner|iPhoneSimulator
		{CF980E19-1431-4307-B43B-ECC6AFD47947}.ConsoleRunner|iPhoneSimulator.Build.0 = ConsoleRunner|iPhoneSimulator
		{CF980E19-1431-4307-B43B-ECC6AFD47947}.ConsoleRunner|x64.ActiveCfg = ConsoleRunner|iPhone
		{CF980E19-1431-4307-B43B-ECC6AFD47947}.ConsoleRunner|x86.ActiveCfg = ConsoleRunner|iPhone
		{CF980E19-1431-4307-B43B-ECC6AFD47947}.Debug|Any CPU.ActiveCfg = Debug|iPhone
		{CF980E19-1431-4307-B43B-ECC6AFD47947}.Debug|ARM.ActiveCfg = Debug|iPhone
		{CF980E19-1431-4307-B43B-ECC6AFD47947}.Debug|iPhone.ActiveCfg = Debug|iPhone
		{CF980E19-1431-4307-B43B-ECC6AFD47947}.Debug|iPhone.Build.0 = Debug|iPhone
		{CF980E19-1431-4307-B43B-ECC6AFD47947}.Debug|iPhoneSimulator.ActiveCfg = Debug|iPhoneSimulator
		{CF980E19-1431-4307-B43B-ECC6AFD47947}.Debug|iPhoneSimulator.Build.0 = Debug|iPhoneSimulator
		{CF980E19-1431-4307-B43B-ECC6AFD47947}.Debug|x64.ActiveCfg = Debug|iPhone
		{CF980E19-1431-4307-B43B-ECC6AFD47947}.Debug|x86.ActiveCfg = Debug|iPhone
		{CF980E19-1431-4307-B43B-ECC6AFD47947}.Release|Any CPU.ActiveCfg = Release|iPhone
		{CF980E19-1431-4307-B43B-ECC6AFD47947}.Release|ARM.ActiveCfg = Release|iPhone
		{CF980E19-1431-4307-B43B-ECC6AFD47947}.Release|iPhone.ActiveCfg = Release|iPhone
		{CF980E19-1431-4307-B43B-ECC6AFD47947}.Release|iPhone.Build.0 = Release|iPhone
		{CF980E19-1431-4307-B43B-ECC6AFD47947}.Release|iPhoneSimulator.ActiveCfg = Release|iPhoneSimulator
		{CF980E19-1431-4307-B43B-ECC6AFD47947}.Release|iPhoneSimulator.Build.0 = Release|iPhoneSimulator
		{CF980E19-1431-4307-B43B-ECC6AFD47947}.Release|x64.ActiveCfg = Release|iPhone
		{CF980E19-1431-4307-B43B-ECC6AFD47947}.Release|x86.ActiveCfg = Release|iPhone
		{90130FDA-22C7-44FB-8116-8FF459F0F075}.Ad-Hoc|Any CPU.ActiveCfg = Release|Any CPU
		{90130FDA-22C7-44FB-8116-8FF459F0F075}.Ad-Hoc|Any CPU.Build.0 = Release|Any CPU
		{90130FDA-22C7-44FB-8116-8FF459F0F075}.Ad-Hoc|Any CPU.Deploy.0 = Release|Any CPU
		{90130FDA-22C7-44FB-8116-8FF459F0F075}.Ad-Hoc|ARM.ActiveCfg = Release|ARM
		{90130FDA-22C7-44FB-8116-8FF459F0F075}.Ad-Hoc|ARM.Build.0 = Release|ARM
		{90130FDA-22C7-44FB-8116-8FF459F0F075}.Ad-Hoc|ARM.Deploy.0 = Release|ARM
		{90130FDA-22C7-44FB-8116-8FF459F0F075}.Ad-Hoc|iPhone.ActiveCfg = Release|Any CPU
		{90130FDA-22C7-44FB-8116-8FF459F0F075}.Ad-Hoc|iPhone.Build.0 = Release|Any CPU
		{90130FDA-22C7-44FB-8116-8FF459F0F075}.Ad-Hoc|iPhone.Deploy.0 = Release|Any CPU
		{90130FDA-22C7-44FB-8116-8FF459F0F075}.Ad-Hoc|iPhoneSimulator.ActiveCfg = Release|Any CPU
		{90130FDA-22C7-44FB-8116-8FF459F0F075}.Ad-Hoc|iPhoneSimulator.Build.0 = Release|Any CPU
		{90130FDA-22C7-44FB-8116-8FF459F0F075}.Ad-Hoc|iPhoneSimulator.Deploy.0 = Release|Any CPU
		{90130FDA-22C7-44FB-8116-8FF459F0F075}.Ad-Hoc|x64.ActiveCfg = Release|Any CPU
		{90130FDA-22C7-44FB-8116-8FF459F0F075}.Ad-Hoc|x64.Build.0 = Release|Any CPU
		{90130FDA-22C7-44FB-8116-8FF459F0F075}.Ad-Hoc|x64.Deploy.0 = Release|Any CPU
		{90130FDA-22C7-44FB-8116-8FF459F0F075}.Ad-Hoc|x86.ActiveCfg = Release|x86
		{90130FDA-22C7-44FB-8116-8FF459F0F075}.Ad-Hoc|x86.Build.0 = Release|x86
		{90130FDA-22C7-44FB-8116-8FF459F0F075}.Ad-Hoc|x86.Deploy.0 = Release|x86
		{90130FDA-22C7-44FB-8116-8FF459F0F075}.AppStore|Any CPU.ActiveCfg = Release|Any CPU
		{90130FDA-22C7-44FB-8116-8FF459F0F075}.AppStore|Any CPU.Build.0 = Release|Any CPU
		{90130FDA-22C7-44FB-8116-8FF459F0F075}.AppStore|Any CPU.Deploy.0 = Release|Any CPU
		{90130FDA-22C7-44FB-8116-8FF459F0F075}.AppStore|ARM.ActiveCfg = Release|ARM
		{90130FDA-22C7-44FB-8116-8FF459F0F075}.AppStore|ARM.Build.0 = Release|ARM
		{90130FDA-22C7-44FB-8116-8FF459F0F075}.AppStore|ARM.Deploy.0 = Release|ARM
		{90130FDA-22C7-44FB-8116-8FF459F0F075}.AppStore|iPhone.ActiveCfg = Release|Any CPU
		{90130FDA-22C7-44FB-8116-8FF459F0F075}.AppStore|iPhone.Build.0 = Release|Any CPU
		{90130FDA-22C7-44FB-8116-8FF459F0F075}.AppStore|iPhone.Deploy.0 = Release|Any CPU
		{90130FDA-22C7-44FB-8116-8FF459F0F075}.AppStore|iPhoneSimulator.ActiveCfg = Release|Any CPU
		{90130FDA-22C7-44FB-8116-8FF459F0F075}.AppStore|iPhoneSimulator.Build.0 = Release|Any CPU
		{90130FDA-22C7-44FB-8116-8FF459F0F075}.AppStore|iPhoneSimulator.Deploy.0 = Release|Any CPU
		{90130FDA-22C7-44FB-8116-8FF459F0F075}.AppStore|x64.ActiveCfg = Release|Any CPU
		{90130FDA-22C7-44FB-8116-8FF459F0F075}.AppStore|x64.Build.0 = Release|Any CPU
		{90130FDA-22C7-44FB-8116-8FF459F0F075}.AppStore|x64.Deploy.0 = Release|Any CPU
		{90130FDA-22C7-44FB-8116-8FF459F0F075}.AppStore|x86.ActiveCfg = Release|x86
		{90130FDA-22C7-44FB-8116-8FF459F0F075}.AppStore|x86.Build.0 = Release|x86
		{90130FDA-22C7-44FB-8116-8FF459F0F075}.AppStore|x86.Deploy.0 = Release|x86
		{90130FDA-22C7-44FB-8116-8FF459F0F075}.ConsoleRunner|Any CPU.ActiveCfg = ConsoleRunner|Any CPU
		{90130FDA-22C7-44FB-8116-8FF459F0F075}.ConsoleRunner|ARM.ActiveCfg = ConsoleRunner|ARM
		{90130FDA-22C7-44FB-8116-8FF459F0F075}.ConsoleRunner|ARM.Build.0 = ConsoleRunner|ARM
		{90130FDA-22C7-44FB-8116-8FF459F0F075}.ConsoleRunner|ARM.Deploy.0 = ConsoleRunner|ARM
		{90130FDA-22C7-44FB-8116-8FF459F0F075}.ConsoleRunner|iPhone.ActiveCfg = ConsoleRunner|Any CPU
		{90130FDA-22C7-44FB-8116-8FF459F0F075}.ConsoleRunner|iPhone.Build.0 = ConsoleRunner|Any CPU
		{90130FDA-22C7-44FB-8116-8FF459F0F075}.ConsoleRunner|iPhone.Deploy.0 = ConsoleRunner|Any CPU
		{90130FDA-22C7-44FB-8116-8FF459F0F075}.ConsoleRunner|iPhoneSimulator.ActiveCfg = ConsoleRunner|Any CPU
		{90130FDA-22C7-44FB-8116-8FF459F0F075}.ConsoleRunner|iPhoneSimulator.Build.0 = ConsoleRunner|Any CPU
		{90130FDA-22C7-44FB-8116-8FF459F0F075}.ConsoleRunner|iPhoneSimulator.Deploy.0 = ConsoleRunner|Any CPU
		{90130FDA-22C7-44FB-8116-8FF459F0F075}.ConsoleRunner|x64.ActiveCfg = ConsoleRunner|Any CPU
		{90130FDA-22C7-44FB-8116-8FF459F0F075}.ConsoleRunner|x64.Build.0 = ConsoleRunner|Any CPU
		{90130FDA-22C7-44FB-8116-8FF459F0F075}.ConsoleRunner|x64.Deploy.0 = ConsoleRunner|Any CPU
		{90130FDA-22C7-44FB-8116-8FF459F0F075}.ConsoleRunner|x86.ActiveCfg = ConsoleRunner|x86
		{90130FDA-22C7-44FB-8116-8FF459F0F075}.ConsoleRunner|x86.Build.0 = ConsoleRunner|x86
		{90130FDA-22C7-44FB-8116-8FF459F0F075}.ConsoleRunner|x86.Deploy.0 = ConsoleRunner|x86
		{90130FDA-22C7-44FB-8116-8FF459F0F075}.Debug|Any CPU.ActiveCfg = Debug|Any CPU
		{90130FDA-22C7-44FB-8116-8FF459F0F075}.Debug|Any CPU.Build.0 = Debug|Any CPU
		{90130FDA-22C7-44FB-8116-8FF459F0F075}.Debug|Any CPU.Deploy.0 = Debug|Any CPU
		{90130FDA-22C7-44FB-8116-8FF459F0F075}.Debug|ARM.ActiveCfg = Debug|ARM
		{90130FDA-22C7-44FB-8116-8FF459F0F075}.Debug|ARM.Build.0 = Debug|ARM
		{90130FDA-22C7-44FB-8116-8FF459F0F075}.Debug|ARM.Deploy.0 = Debug|ARM
		{90130FDA-22C7-44FB-8116-8FF459F0F075}.Debug|iPhone.ActiveCfg = Debug|Any CPU
		{90130FDA-22C7-44FB-8116-8FF459F0F075}.Debug|iPhone.Build.0 = Debug|Any CPU
		{90130FDA-22C7-44FB-8116-8FF459F0F075}.Debug|iPhone.Deploy.0 = Debug|Any CPU
		{90130FDA-22C7-44FB-8116-8FF459F0F075}.Debug|iPhoneSimulator.ActiveCfg = Debug|Any CPU
		{90130FDA-22C7-44FB-8116-8FF459F0F075}.Debug|iPhoneSimulator.Build.0 = Debug|Any CPU
		{90130FDA-22C7-44FB-8116-8FF459F0F075}.Debug|iPhoneSimulator.Deploy.0 = Debug|Any CPU
		{90130FDA-22C7-44FB-8116-8FF459F0F075}.Debug|x64.ActiveCfg = Debug|Any CPU
		{90130FDA-22C7-44FB-8116-8FF459F0F075}.Debug|x64.Build.0 = Debug|Any CPU
		{90130FDA-22C7-44FB-8116-8FF459F0F075}.Debug|x64.Deploy.0 = Debug|Any CPU
		{90130FDA-22C7-44FB-8116-8FF459F0F075}.Debug|x86.ActiveCfg = Debug|x86
		{90130FDA-22C7-44FB-8116-8FF459F0F075}.Debug|x86.Build.0 = Debug|x86
		{90130FDA-22C7-44FB-8116-8FF459F0F075}.Debug|x86.Deploy.0 = Debug|x86
		{90130FDA-22C7-44FB-8116-8FF459F0F075}.Release|Any CPU.ActiveCfg = Release|Any CPU
		{90130FDA-22C7-44FB-8116-8FF459F0F075}.Release|Any CPU.Build.0 = Release|Any CPU
		{90130FDA-22C7-44FB-8116-8FF459F0F075}.Release|Any CPU.Deploy.0 = Release|Any CPU
		{90130FDA-22C7-44FB-8116-8FF459F0F075}.Release|ARM.ActiveCfg = Release|ARM
		{90130FDA-22C7-44FB-8116-8FF459F0F075}.Release|ARM.Build.0 = Release|ARM
		{90130FDA-22C7-44FB-8116-8FF459F0F075}.Release|ARM.Deploy.0 = Release|ARM
		{90130FDA-22C7-44FB-8116-8FF459F0F075}.Release|iPhone.ActiveCfg = Release|Any CPU
		{90130FDA-22C7-44FB-8116-8FF459F0F075}.Release|iPhone.Build.0 = Release|Any CPU
		{90130FDA-22C7-44FB-8116-8FF459F0F075}.Release|iPhone.Deploy.0 = Release|Any CPU
		{90130FDA-22C7-44FB-8116-8FF459F0F075}.Release|iPhoneSimulator.ActiveCfg = Release|Any CPU
		{90130FDA-22C7-44FB-8116-8FF459F0F075}.Release|iPhoneSimulator.Build.0 = Release|Any CPU
		{90130FDA-22C7-44FB-8116-8FF459F0F075}.Release|iPhoneSimulator.Deploy.0 = Release|Any CPU
		{90130FDA-22C7-44FB-8116-8FF459F0F075}.Release|x64.ActiveCfg = Release|Any CPU
		{90130FDA-22C7-44FB-8116-8FF459F0F075}.Release|x64.Build.0 = Release|Any CPU
		{90130FDA-22C7-44FB-8116-8FF459F0F075}.Release|x64.Deploy.0 = Release|Any CPU
		{90130FDA-22C7-44FB-8116-8FF459F0F075}.Release|x86.ActiveCfg = Release|x86
		{90130FDA-22C7-44FB-8116-8FF459F0F075}.Release|x86.Build.0 = Release|x86
		{90130FDA-22C7-44FB-8116-8FF459F0F075}.Release|x86.Deploy.0 = Release|x86
		{9376AD9E-A20F-4363-873D-D0840022E902}.Ad-Hoc|Any CPU.ActiveCfg = Release|x86
		{9376AD9E-A20F-4363-873D-D0840022E902}.Ad-Hoc|Any CPU.Build.0 = Release|x86
		{9376AD9E-A20F-4363-873D-D0840022E902}.Ad-Hoc|Any CPU.Deploy.0 = Release|x86
		{9376AD9E-A20F-4363-873D-D0840022E902}.Ad-Hoc|ARM.ActiveCfg = Release|ARM
		{9376AD9E-A20F-4363-873D-D0840022E902}.Ad-Hoc|ARM.Build.0 = Release|ARM
		{9376AD9E-A20F-4363-873D-D0840022E902}.Ad-Hoc|ARM.Deploy.0 = Release|ARM
		{9376AD9E-A20F-4363-873D-D0840022E902}.Ad-Hoc|iPhone.ActiveCfg = Release|x86
		{9376AD9E-A20F-4363-873D-D0840022E902}.Ad-Hoc|iPhone.Build.0 = Release|x86
		{9376AD9E-A20F-4363-873D-D0840022E902}.Ad-Hoc|iPhone.Deploy.0 = Release|x86
		{9376AD9E-A20F-4363-873D-D0840022E902}.Ad-Hoc|iPhoneSimulator.ActiveCfg = Release|x86
		{9376AD9E-A20F-4363-873D-D0840022E902}.Ad-Hoc|iPhoneSimulator.Build.0 = Release|x86
		{9376AD9E-A20F-4363-873D-D0840022E902}.Ad-Hoc|iPhoneSimulator.Deploy.0 = Release|x86
		{9376AD9E-A20F-4363-873D-D0840022E902}.Ad-Hoc|x64.ActiveCfg = Release|x64
		{9376AD9E-A20F-4363-873D-D0840022E902}.Ad-Hoc|x64.Build.0 = Release|x64
		{9376AD9E-A20F-4363-873D-D0840022E902}.Ad-Hoc|x64.Deploy.0 = Release|x64
		{9376AD9E-A20F-4363-873D-D0840022E902}.Ad-Hoc|x86.ActiveCfg = Release|x86
		{9376AD9E-A20F-4363-873D-D0840022E902}.Ad-Hoc|x86.Build.0 = Release|x86
		{9376AD9E-A20F-4363-873D-D0840022E902}.Ad-Hoc|x86.Deploy.0 = Release|x86
		{9376AD9E-A20F-4363-873D-D0840022E902}.AppStore|Any CPU.ActiveCfg = Release|x86
		{9376AD9E-A20F-4363-873D-D0840022E902}.AppStore|Any CPU.Build.0 = Release|x86
		{9376AD9E-A20F-4363-873D-D0840022E902}.AppStore|Any CPU.Deploy.0 = Release|x86
		{9376AD9E-A20F-4363-873D-D0840022E902}.AppStore|ARM.ActiveCfg = Release|ARM
		{9376AD9E-A20F-4363-873D-D0840022E902}.AppStore|ARM.Build.0 = Release|ARM
		{9376AD9E-A20F-4363-873D-D0840022E902}.AppStore|ARM.Deploy.0 = Release|ARM
		{9376AD9E-A20F-4363-873D-D0840022E902}.AppStore|iPhone.ActiveCfg = Release|x86
		{9376AD9E-A20F-4363-873D-D0840022E902}.AppStore|iPhone.Build.0 = Release|x86
		{9376AD9E-A20F-4363-873D-D0840022E902}.AppStore|iPhone.Deploy.0 = Release|x86
		{9376AD9E-A20F-4363-873D-D0840022E902}.AppStore|iPhoneSimulator.ActiveCfg = Release|x86
		{9376AD9E-A20F-4363-873D-D0840022E902}.AppStore|iPhoneSimulator.Build.0 = Release|x86
		{9376AD9E-A20F-4363-873D-D0840022E902}.AppStore|iPhoneSimulator.Deploy.0 = Release|x86
		{9376AD9E-A20F-4363-873D-D0840022E902}.AppStore|x64.ActiveCfg = Release|x64
		{9376AD9E-A20F-4363-873D-D0840022E902}.AppStore|x64.Build.0 = Release|x64
		{9376AD9E-A20F-4363-873D-D0840022E902}.AppStore|x64.Deploy.0 = Release|x64
		{9376AD9E-A20F-4363-873D-D0840022E902}.AppStore|x86.ActiveCfg = Release|x86
		{9376AD9E-A20F-4363-873D-D0840022E902}.AppStore|x86.Build.0 = Release|x86
		{9376AD9E-A20F-4363-873D-D0840022E902}.AppStore|x86.Deploy.0 = Release|x86
		{9376AD9E-A20F-4363-873D-D0840022E902}.ConsoleRunner|Any CPU.ActiveCfg = ConsoleRunner|x86
		{9376AD9E-A20F-4363-873D-D0840022E902}.ConsoleRunner|ARM.ActiveCfg = ConsoleRunner|ARM
		{9376AD9E-A20F-4363-873D-D0840022E902}.ConsoleRunner|ARM.Build.0 = ConsoleRunner|ARM
		{9376AD9E-A20F-4363-873D-D0840022E902}.ConsoleRunner|ARM.Deploy.0 = ConsoleRunner|ARM
		{9376AD9E-A20F-4363-873D-D0840022E902}.ConsoleRunner|iPhone.ActiveCfg = ConsoleRunner|x86
		{9376AD9E-A20F-4363-873D-D0840022E902}.ConsoleRunner|iPhoneSimulator.ActiveCfg = ConsoleRunner|x86
		{9376AD9E-A20F-4363-873D-D0840022E902}.ConsoleRunner|x64.ActiveCfg = ConsoleRunner|x64
		{9376AD9E-A20F-4363-873D-D0840022E902}.ConsoleRunner|x64.Build.0 = ConsoleRunner|x64
		{9376AD9E-A20F-4363-873D-D0840022E902}.ConsoleRunner|x64.Deploy.0 = ConsoleRunner|x64
		{9376AD9E-A20F-4363-873D-D0840022E902}.ConsoleRunner|x86.ActiveCfg = ConsoleRunner|x86
		{9376AD9E-A20F-4363-873D-D0840022E902}.ConsoleRunner|x86.Build.0 = ConsoleRunner|x86
		{9376AD9E-A20F-4363-873D-D0840022E902}.ConsoleRunner|x86.Deploy.0 = ConsoleRunner|x86
		{9376AD9E-A20F-4363-873D-D0840022E902}.Debug|Any CPU.ActiveCfg = Debug|x86
		{9376AD9E-A20F-4363-873D-D0840022E902}.Debug|ARM.ActiveCfg = Debug|ARM
		{9376AD9E-A20F-4363-873D-D0840022E902}.Debug|ARM.Build.0 = Debug|ARM
		{9376AD9E-A20F-4363-873D-D0840022E902}.Debug|ARM.Deploy.0 = Debug|ARM
		{9376AD9E-A20F-4363-873D-D0840022E902}.Debug|iPhone.ActiveCfg = Debug|x86
		{9376AD9E-A20F-4363-873D-D0840022E902}.Debug|iPhoneSimulator.ActiveCfg = Debug|x86
		{9376AD9E-A20F-4363-873D-D0840022E902}.Debug|x64.ActiveCfg = Debug|x64
		{9376AD9E-A20F-4363-873D-D0840022E902}.Debug|x64.Build.0 = Debug|x64
		{9376AD9E-A20F-4363-873D-D0840022E902}.Debug|x64.Deploy.0 = Debug|x64
		{9376AD9E-A20F-4363-873D-D0840022E902}.Debug|x86.ActiveCfg = Debug|x86
		{9376AD9E-A20F-4363-873D-D0840022E902}.Debug|x86.Build.0 = Debug|x86
		{9376AD9E-A20F-4363-873D-D0840022E902}.Debug|x86.Deploy.0 = Debug|x86
		{9376AD9E-A20F-4363-873D-D0840022E902}.Release|Any CPU.ActiveCfg = Release|x86
		{9376AD9E-A20F-4363-873D-D0840022E902}.Release|ARM.ActiveCfg = Release|ARM
		{9376AD9E-A20F-4363-873D-D0840022E902}.Release|ARM.Build.0 = Release|ARM
		{9376AD9E-A20F-4363-873D-D0840022E902}.Release|ARM.Deploy.0 = Release|ARM
		{9376AD9E-A20F-4363-873D-D0840022E902}.Release|iPhone.ActiveCfg = Release|x86
		{9376AD9E-A20F-4363-873D-D0840022E902}.Release|iPhoneSimulator.ActiveCfg = Release|x86
		{9376AD9E-A20F-4363-873D-D0840022E902}.Release|x64.ActiveCfg = Release|x64
		{9376AD9E-A20F-4363-873D-D0840022E902}.Release|x64.Build.0 = Release|x64
		{9376AD9E-A20F-4363-873D-D0840022E902}.Release|x64.Deploy.0 = Release|x64
		{9376AD9E-A20F-4363-873D-D0840022E902}.Release|x86.ActiveCfg = Release|x86
		{9376AD9E-A20F-4363-873D-D0840022E902}.Release|x86.Build.0 = Release|x86
		{9376AD9E-A20F-4363-873D-D0840022E902}.Release|x86.Deploy.0 = Release|x86
		{C4ACFBED-6B6D-4FEA-AEC3-8E38E164E7B1}.Ad-Hoc|Any CPU.ActiveCfg = Release|Any CPU
		{C4ACFBED-6B6D-4FEA-AEC3-8E38E164E7B1}.Ad-Hoc|Any CPU.Build.0 = Release|Any CPU
		{C4ACFBED-6B6D-4FEA-AEC3-8E38E164E7B1}.Ad-Hoc|Any CPU.Deploy.0 = Release|Any CPU
		{C4ACFBED-6B6D-4FEA-AEC3-8E38E164E7B1}.Ad-Hoc|ARM.ActiveCfg = Release|ARM
		{C4ACFBED-6B6D-4FEA-AEC3-8E38E164E7B1}.Ad-Hoc|ARM.Build.0 = Release|ARM
		{C4ACFBED-6B6D-4FEA-AEC3-8E38E164E7B1}.Ad-Hoc|ARM.Deploy.0 = Release|ARM
		{C4ACFBED-6B6D-4FEA-AEC3-8E38E164E7B1}.Ad-Hoc|iPhone.ActiveCfg = Release|Any CPU
		{C4ACFBED-6B6D-4FEA-AEC3-8E38E164E7B1}.Ad-Hoc|iPhone.Build.0 = Release|Any CPU
		{C4ACFBED-6B6D-4FEA-AEC3-8E38E164E7B1}.Ad-Hoc|iPhone.Deploy.0 = Release|Any CPU
		{C4ACFBED-6B6D-4FEA-AEC3-8E38E164E7B1}.Ad-Hoc|iPhoneSimulator.ActiveCfg = Release|Any CPU
		{C4ACFBED-6B6D-4FEA-AEC3-8E38E164E7B1}.Ad-Hoc|iPhoneSimulator.Build.0 = Release|Any CPU
		{C4ACFBED-6B6D-4FEA-AEC3-8E38E164E7B1}.Ad-Hoc|iPhoneSimulator.Deploy.0 = Release|Any CPU
		{C4ACFBED-6B6D-4FEA-AEC3-8E38E164E7B1}.Ad-Hoc|x64.ActiveCfg = Release|x64
		{C4ACFBED-6B6D-4FEA-AEC3-8E38E164E7B1}.Ad-Hoc|x64.Build.0 = Release|x64
		{C4ACFBED-6B6D-4FEA-AEC3-8E38E164E7B1}.Ad-Hoc|x64.Deploy.0 = Release|x64
		{C4ACFBED-6B6D-4FEA-AEC3-8E38E164E7B1}.Ad-Hoc|x86.ActiveCfg = Release|x86
		{C4ACFBED-6B6D-4FEA-AEC3-8E38E164E7B1}.Ad-Hoc|x86.Build.0 = Release|x86
		{C4ACFBED-6B6D-4FEA-AEC3-8E38E164E7B1}.Ad-Hoc|x86.Deploy.0 = Release|x86
		{C4ACFBED-6B6D-4FEA-AEC3-8E38E164E7B1}.AppStore|Any CPU.ActiveCfg = Release|Any CPU
		{C4ACFBED-6B6D-4FEA-AEC3-8E38E164E7B1}.AppStore|Any CPU.Build.0 = Release|Any CPU
		{C4ACFBED-6B6D-4FEA-AEC3-8E38E164E7B1}.AppStore|Any CPU.Deploy.0 = Release|Any CPU
		{C4ACFBED-6B6D-4FEA-AEC3-8E38E164E7B1}.AppStore|ARM.ActiveCfg = Release|ARM
		{C4ACFBED-6B6D-4FEA-AEC3-8E38E164E7B1}.AppStore|ARM.Build.0 = Release|ARM
		{C4ACFBED-6B6D-4FEA-AEC3-8E38E164E7B1}.AppStore|ARM.Deploy.0 = Release|ARM
		{C4ACFBED-6B6D-4FEA-AEC3-8E38E164E7B1}.AppStore|iPhone.ActiveCfg = Release|Any CPU
		{C4ACFBED-6B6D-4FEA-AEC3-8E38E164E7B1}.AppStore|iPhone.Build.0 = Release|Any CPU
		{C4ACFBED-6B6D-4FEA-AEC3-8E38E164E7B1}.AppStore|iPhone.Deploy.0 = Release|Any CPU
		{C4ACFBED-6B6D-4FEA-AEC3-8E38E164E7B1}.AppStore|iPhoneSimulator.ActiveCfg = Release|Any CPU
		{C4ACFBED-6B6D-4FEA-AEC3-8E38E164E7B1}.AppStore|iPhoneSimulator.Build.0 = Release|Any CPU
		{C4ACFBED-6B6D-4FEA-AEC3-8E38E164E7B1}.AppStore|iPhoneSimulator.Deploy.0 = Release|Any CPU
		{C4ACFBED-6B6D-4FEA-AEC3-8E38E164E7B1}.AppStore|x64.ActiveCfg = Release|x64
		{C4ACFBED-6B6D-4FEA-AEC3-8E38E164E7B1}.AppStore|x64.Build.0 = Release|x64
		{C4ACFBED-6B6D-4FEA-AEC3-8E38E164E7B1}.AppStore|x64.Deploy.0 = Release|x64
		{C4ACFBED-6B6D-4FEA-AEC3-8E38E164E7B1}.AppStore|x86.ActiveCfg = Release|x86
		{C4ACFBED-6B6D-4FEA-AEC3-8E38E164E7B1}.AppStore|x86.Build.0 = Release|x86
		{C4ACFBED-6B6D-4FEA-AEC3-8E38E164E7B1}.AppStore|x86.Deploy.0 = Release|x86
		{C4ACFBED-6B6D-4FEA-AEC3-8E38E164E7B1}.ConsoleRunner|Any CPU.ActiveCfg = ConsoleRunner|Any CPU
		{C4ACFBED-6B6D-4FEA-AEC3-8E38E164E7B1}.ConsoleRunner|ARM.ActiveCfg = ConsoleRunner|ARM
		{C4ACFBED-6B6D-4FEA-AEC3-8E38E164E7B1}.ConsoleRunner|ARM.Build.0 = ConsoleRunner|ARM
		{C4ACFBED-6B6D-4FEA-AEC3-8E38E164E7B1}.ConsoleRunner|ARM.Deploy.0 = ConsoleRunner|ARM
		{C4ACFBED-6B6D-4FEA-AEC3-8E38E164E7B1}.ConsoleRunner|iPhone.ActiveCfg = ConsoleRunner|Any CPU
		{C4ACFBED-6B6D-4FEA-AEC3-8E38E164E7B1}.ConsoleRunner|iPhone.Build.0 = ConsoleRunner|Any CPU
		{C4ACFBED-6B6D-4FEA-AEC3-8E38E164E7B1}.ConsoleRunner|iPhone.Deploy.0 = ConsoleRunner|Any CPU
		{C4ACFBED-6B6D-4FEA-AEC3-8E38E164E7B1}.ConsoleRunner|iPhoneSimulator.ActiveCfg = ConsoleRunner|Any CPU
		{C4ACFBED-6B6D-4FEA-AEC3-8E38E164E7B1}.ConsoleRunner|iPhoneSimulator.Build.0 = ConsoleRunner|Any CPU
		{C4ACFBED-6B6D-4FEA-AEC3-8E38E164E7B1}.ConsoleRunner|iPhoneSimulator.Deploy.0 = ConsoleRunner|Any CPU
		{C4ACFBED-6B6D-4FEA-AEC3-8E38E164E7B1}.ConsoleRunner|x64.ActiveCfg = ConsoleRunner|x64
		{C4ACFBED-6B6D-4FEA-AEC3-8E38E164E7B1}.ConsoleRunner|x64.Build.0 = ConsoleRunner|x64
		{C4ACFBED-6B6D-4FEA-AEC3-8E38E164E7B1}.ConsoleRunner|x64.Deploy.0 = ConsoleRunner|x64
		{C4ACFBED-6B6D-4FEA-AEC3-8E38E164E7B1}.ConsoleRunner|x86.ActiveCfg = ConsoleRunner|x86
		{C4ACFBED-6B6D-4FEA-AEC3-8E38E164E7B1}.ConsoleRunner|x86.Build.0 = ConsoleRunner|x86
		{C4ACFBED-6B6D-4FEA-AEC3-8E38E164E7B1}.ConsoleRunner|x86.Deploy.0 = ConsoleRunner|x86
		{C4ACFBED-6B6D-4FEA-AEC3-8E38E164E7B1}.Debug|Any CPU.ActiveCfg = Debug|Any CPU
		{C4ACFBED-6B6D-4FEA-AEC3-8E38E164E7B1}.Debug|Any CPU.Build.0 = Debug|Any CPU
		{C4ACFBED-6B6D-4FEA-AEC3-8E38E164E7B1}.Debug|Any CPU.Deploy.0 = Debug|Any CPU
		{C4ACFBED-6B6D-4FEA-AEC3-8E38E164E7B1}.Debug|ARM.ActiveCfg = Debug|ARM
		{C4ACFBED-6B6D-4FEA-AEC3-8E38E164E7B1}.Debug|ARM.Build.0 = Debug|ARM
		{C4ACFBED-6B6D-4FEA-AEC3-8E38E164E7B1}.Debug|ARM.Deploy.0 = Debug|ARM
		{C4ACFBED-6B6D-4FEA-AEC3-8E38E164E7B1}.Debug|iPhone.ActiveCfg = Debug|Any CPU
		{C4ACFBED-6B6D-4FEA-AEC3-8E38E164E7B1}.Debug|iPhone.Build.0 = Debug|Any CPU
		{C4ACFBED-6B6D-4FEA-AEC3-8E38E164E7B1}.Debug|iPhone.Deploy.0 = Debug|Any CPU
		{C4ACFBED-6B6D-4FEA-AEC3-8E38E164E7B1}.Debug|iPhoneSimulator.ActiveCfg = Debug|Any CPU
		{C4ACFBED-6B6D-4FEA-AEC3-8E38E164E7B1}.Debug|iPhoneSimulator.Build.0 = Debug|Any CPU
		{C4ACFBED-6B6D-4FEA-AEC3-8E38E164E7B1}.Debug|iPhoneSimulator.Deploy.0 = Debug|Any CPU
		{C4ACFBED-6B6D-4FEA-AEC3-8E38E164E7B1}.Debug|x64.ActiveCfg = Debug|x64
		{C4ACFBED-6B6D-4FEA-AEC3-8E38E164E7B1}.Debug|x64.Build.0 = Debug|x64
		{C4ACFBED-6B6D-4FEA-AEC3-8E38E164E7B1}.Debug|x64.Deploy.0 = Debug|x64
		{C4ACFBED-6B6D-4FEA-AEC3-8E38E164E7B1}.Debug|x86.ActiveCfg = Debug|x86
		{C4ACFBED-6B6D-4FEA-AEC3-8E38E164E7B1}.Debug|x86.Build.0 = Debug|x86
		{C4ACFBED-6B6D-4FEA-AEC3-8E38E164E7B1}.Debug|x86.Deploy.0 = Debug|x86
		{C4ACFBED-6B6D-4FEA-AEC3-8E38E164E7B1}.Release|Any CPU.ActiveCfg = Release|Any CPU
		{C4ACFBED-6B6D-4FEA-AEC3-8E38E164E7B1}.Release|Any CPU.Build.0 = Release|Any CPU
		{C4ACFBED-6B6D-4FEA-AEC3-8E38E164E7B1}.Release|Any CPU.Deploy.0 = Release|Any CPU
		{C4ACFBED-6B6D-4FEA-AEC3-8E38E164E7B1}.Release|ARM.ActiveCfg = Release|ARM
		{C4ACFBED-6B6D-4FEA-AEC3-8E38E164E7B1}.Release|ARM.Build.0 = Release|ARM
		{C4ACFBED-6B6D-4FEA-AEC3-8E38E164E7B1}.Release|ARM.Deploy.0 = Release|ARM
		{C4ACFBED-6B6D-4FEA-AEC3-8E38E164E7B1}.Release|iPhone.ActiveCfg = Release|Any CPU
		{C4ACFBED-6B6D-4FEA-AEC3-8E38E164E7B1}.Release|iPhone.Build.0 = Release|Any CPU
		{C4ACFBED-6B6D-4FEA-AEC3-8E38E164E7B1}.Release|iPhone.Deploy.0 = Release|Any CPU
		{C4ACFBED-6B6D-4FEA-AEC3-8E38E164E7B1}.Release|iPhoneSimulator.ActiveCfg = Release|Any CPU
		{C4ACFBED-6B6D-4FEA-AEC3-8E38E164E7B1}.Release|iPhoneSimulator.Build.0 = Release|Any CPU
		{C4ACFBED-6B6D-4FEA-AEC3-8E38E164E7B1}.Release|iPhoneSimulator.Deploy.0 = Release|Any CPU
		{C4ACFBED-6B6D-4FEA-AEC3-8E38E164E7B1}.Release|x64.ActiveCfg = Release|x64
		{C4ACFBED-6B6D-4FEA-AEC3-8E38E164E7B1}.Release|x64.Build.0 = Release|x64
		{C4ACFBED-6B6D-4FEA-AEC3-8E38E164E7B1}.Release|x64.Deploy.0 = Release|x64
		{C4ACFBED-6B6D-4FEA-AEC3-8E38E164E7B1}.Release|x86.ActiveCfg = Release|x86
		{C4ACFBED-6B6D-4FEA-AEC3-8E38E164E7B1}.Release|x86.Build.0 = Release|x86
		{C4ACFBED-6B6D-4FEA-AEC3-8E38E164E7B1}.Release|x86.Deploy.0 = Release|x86
		{8775FBC6-5986-40CC-A40B-F994FB06B8E7}.Ad-Hoc|Any CPU.ActiveCfg = Release|Any CPU
		{8775FBC6-5986-40CC-A40B-F994FB06B8E7}.Ad-Hoc|Any CPU.Build.0 = Release|Any CPU
		{8775FBC6-5986-40CC-A40B-F994FB06B8E7}.Ad-Hoc|ARM.ActiveCfg = Release|Any CPU
		{8775FBC6-5986-40CC-A40B-F994FB06B8E7}.Ad-Hoc|ARM.Build.0 = Release|Any CPU
		{8775FBC6-5986-40CC-A40B-F994FB06B8E7}.Ad-Hoc|iPhone.ActiveCfg = Release|Any CPU
		{8775FBC6-5986-40CC-A40B-F994FB06B8E7}.Ad-Hoc|iPhone.Build.0 = Release|Any CPU
		{8775FBC6-5986-40CC-A40B-F994FB06B8E7}.Ad-Hoc|iPhoneSimulator.ActiveCfg = Release|Any CPU
		{8775FBC6-5986-40CC-A40B-F994FB06B8E7}.Ad-Hoc|iPhoneSimulator.Build.0 = Release|Any CPU
		{8775FBC6-5986-40CC-A40B-F994FB06B8E7}.Ad-Hoc|x64.ActiveCfg = Release|Any CPU
		{8775FBC6-5986-40CC-A40B-F994FB06B8E7}.Ad-Hoc|x64.Build.0 = Release|Any CPU
		{8775FBC6-5986-40CC-A40B-F994FB06B8E7}.Ad-Hoc|x86.ActiveCfg = Release|Any CPU
		{8775FBC6-5986-40CC-A40B-F994FB06B8E7}.Ad-Hoc|x86.Build.0 = Release|Any CPU
		{8775FBC6-5986-40CC-A40B-F994FB06B8E7}.AppStore|Any CPU.ActiveCfg = Release|Any CPU
		{8775FBC6-5986-40CC-A40B-F994FB06B8E7}.AppStore|Any CPU.Build.0 = Release|Any CPU
		{8775FBC6-5986-40CC-A40B-F994FB06B8E7}.AppStore|ARM.ActiveCfg = Release|Any CPU
		{8775FBC6-5986-40CC-A40B-F994FB06B8E7}.AppStore|ARM.Build.0 = Release|Any CPU
		{8775FBC6-5986-40CC-A40B-F994FB06B8E7}.AppStore|iPhone.ActiveCfg = Release|Any CPU
		{8775FBC6-5986-40CC-A40B-F994FB06B8E7}.AppStore|iPhone.Build.0 = Release|Any CPU
		{8775FBC6-5986-40CC-A40B-F994FB06B8E7}.AppStore|iPhoneSimulator.ActiveCfg = Release|Any CPU
		{8775FBC6-5986-40CC-A40B-F994FB06B8E7}.AppStore|iPhoneSimulator.Build.0 = Release|Any CPU
		{8775FBC6-5986-40CC-A40B-F994FB06B8E7}.AppStore|x64.ActiveCfg = Release|Any CPU
		{8775FBC6-5986-40CC-A40B-F994FB06B8E7}.AppStore|x64.Build.0 = Release|Any CPU
		{8775FBC6-5986-40CC-A40B-F994FB06B8E7}.AppStore|x86.ActiveCfg = Release|Any CPU
		{8775FBC6-5986-40CC-A40B-F994FB06B8E7}.AppStore|x86.Build.0 = Release|Any CPU
		{8775FBC6-5986-40CC-A40B-F994FB06B8E7}.ConsoleRunner|Any CPU.ActiveCfg = ConsoleRunner|Any CPU
		{8775FBC6-5986-40CC-A40B-F994FB06B8E7}.ConsoleRunner|ARM.ActiveCfg = ConsoleRunner|Any CPU
		{8775FBC6-5986-40CC-A40B-F994FB06B8E7}.ConsoleRunner|ARM.Build.0 = ConsoleRunner|Any CPU
		{8775FBC6-5986-40CC-A40B-F994FB06B8E7}.ConsoleRunner|iPhone.ActiveCfg = ConsoleRunner|Any CPU
		{8775FBC6-5986-40CC-A40B-F994FB06B8E7}.ConsoleRunner|iPhone.Build.0 = ConsoleRunner|Any CPU
		{8775FBC6-5986-40CC-A40B-F994FB06B8E7}.ConsoleRunner|iPhoneSimulator.ActiveCfg = ConsoleRunner|Any CPU
		{8775FBC6-5986-40CC-A40B-F994FB06B8E7}.ConsoleRunner|iPhoneSimulator.Build.0 = ConsoleRunner|Any CPU
		{8775FBC6-5986-40CC-A40B-F994FB06B8E7}.ConsoleRunner|x64.ActiveCfg = ConsoleRunner|Any CPU
		{8775FBC6-5986-40CC-A40B-F994FB06B8E7}.ConsoleRunner|x64.Build.0 = ConsoleRunner|Any CPU
		{8775FBC6-5986-40CC-A40B-F994FB06B8E7}.ConsoleRunner|x86.ActiveCfg = ConsoleRunner|Any CPU
		{8775FBC6-5986-40CC-A40B-F994FB06B8E7}.ConsoleRunner|x86.Build.0 = ConsoleRunner|Any CPU
		{8775FBC6-5986-40CC-A40B-F994FB06B8E7}.Debug|Any CPU.ActiveCfg = Debug|Any CPU
		{8775FBC6-5986-40CC-A40B-F994FB06B8E7}.Debug|Any CPU.Build.0 = Debug|Any CPU
		{8775FBC6-5986-40CC-A40B-F994FB06B8E7}.Debug|ARM.ActiveCfg = Debug|Any CPU
		{8775FBC6-5986-40CC-A40B-F994FB06B8E7}.Debug|ARM.Build.0 = Debug|Any CPU
		{8775FBC6-5986-40CC-A40B-F994FB06B8E7}.Debug|iPhone.ActiveCfg = Debug|Any CPU
		{8775FBC6-5986-40CC-A40B-F994FB06B8E7}.Debug|iPhone.Build.0 = Debug|Any CPU
		{8775FBC6-5986-40CC-A40B-F994FB06B8E7}.Debug|iPhoneSimulator.ActiveCfg = Debug|Any CPU
		{8775FBC6-5986-40CC-A40B-F994FB06B8E7}.Debug|iPhoneSimulator.Build.0 = Debug|Any CPU
		{8775FBC6-5986-40CC-A40B-F994FB06B8E7}.Debug|x64.ActiveCfg = Debug|Any CPU
		{8775FBC6-5986-40CC-A40B-F994FB06B8E7}.Debug|x64.Build.0 = Debug|Any CPU
		{8775FBC6-5986-40CC-A40B-F994FB06B8E7}.Debug|x86.ActiveCfg = Debug|Any CPU
		{8775FBC6-5986-40CC-A40B-F994FB06B8E7}.Debug|x86.Build.0 = Debug|Any CPU
		{8775FBC6-5986-40CC-A40B-F994FB06B8E7}.Release|Any CPU.ActiveCfg = Release|Any CPU
		{8775FBC6-5986-40CC-A40B-F994FB06B8E7}.Release|Any CPU.Build.0 = Release|Any CPU
		{8775FBC6-5986-40CC-A40B-F994FB06B8E7}.Release|ARM.ActiveCfg = Release|Any CPU
		{8775FBC6-5986-40CC-A40B-F994FB06B8E7}.Release|ARM.Build.0 = Release|Any CPU
		{8775FBC6-5986-40CC-A40B-F994FB06B8E7}.Release|iPhone.ActiveCfg = Release|Any CPU
		{8775FBC6-5986-40CC-A40B-F994FB06B8E7}.Release|iPhone.Build.0 = Release|Any CPU
		{8775FBC6-5986-40CC-A40B-F994FB06B8E7}.Release|iPhoneSimulator.ActiveCfg = Release|Any CPU
		{8775FBC6-5986-40CC-A40B-F994FB06B8E7}.Release|iPhoneSimulator.Build.0 = Release|Any CPU
		{8775FBC6-5986-40CC-A40B-F994FB06B8E7}.Release|x64.ActiveCfg = Release|Any CPU
		{8775FBC6-5986-40CC-A40B-F994FB06B8E7}.Release|x64.Build.0 = Release|Any CPU
		{8775FBC6-5986-40CC-A40B-F994FB06B8E7}.Release|x86.ActiveCfg = Release|Any CPU
		{8775FBC6-5986-40CC-A40B-F994FB06B8E7}.Release|x86.Build.0 = Release|Any CPU
		{50B1A443-2A50-4E84-BE2C-24220CCEC3EF}.Ad-Hoc|Any CPU.ActiveCfg = Release|Any CPU
		{50B1A443-2A50-4E84-BE2C-24220CCEC3EF}.Ad-Hoc|Any CPU.Build.0 = Release|Any CPU
		{50B1A443-2A50-4E84-BE2C-24220CCEC3EF}.Ad-Hoc|ARM.ActiveCfg = Release|Any CPU
		{50B1A443-2A50-4E84-BE2C-24220CCEC3EF}.Ad-Hoc|ARM.Build.0 = Release|Any CPU
		{50B1A443-2A50-4E84-BE2C-24220CCEC3EF}.Ad-Hoc|iPhone.ActiveCfg = Release|Any CPU
		{50B1A443-2A50-4E84-BE2C-24220CCEC3EF}.Ad-Hoc|iPhone.Build.0 = Release|Any CPU
		{50B1A443-2A50-4E84-BE2C-24220CCEC3EF}.Ad-Hoc|iPhoneSimulator.ActiveCfg = Release|Any CPU
		{50B1A443-2A50-4E84-BE2C-24220CCEC3EF}.Ad-Hoc|iPhoneSimulator.Build.0 = Release|Any CPU
		{50B1A443-2A50-4E84-BE2C-24220CCEC3EF}.Ad-Hoc|x64.ActiveCfg = Release|Any CPU
		{50B1A443-2A50-4E84-BE2C-24220CCEC3EF}.Ad-Hoc|x64.Build.0 = Release|Any CPU
		{50B1A443-2A50-4E84-BE2C-24220CCEC3EF}.Ad-Hoc|x86.ActiveCfg = Release|Any CPU
		{50B1A443-2A50-4E84-BE2C-24220CCEC3EF}.Ad-Hoc|x86.Build.0 = Release|Any CPU
		{50B1A443-2A50-4E84-BE2C-24220CCEC3EF}.AppStore|Any CPU.ActiveCfg = Release|Any CPU
		{50B1A443-2A50-4E84-BE2C-24220CCEC3EF}.AppStore|Any CPU.Build.0 = Release|Any CPU
		{50B1A443-2A50-4E84-BE2C-24220CCEC3EF}.AppStore|ARM.ActiveCfg = Release|Any CPU
		{50B1A443-2A50-4E84-BE2C-24220CCEC3EF}.AppStore|ARM.Build.0 = Release|Any CPU
		{50B1A443-2A50-4E84-BE2C-24220CCEC3EF}.AppStore|iPhone.ActiveCfg = Release|Any CPU
		{50B1A443-2A50-4E84-BE2C-24220CCEC3EF}.AppStore|iPhone.Build.0 = Release|Any CPU
		{50B1A443-2A50-4E84-BE2C-24220CCEC3EF}.AppStore|iPhoneSimulator.ActiveCfg = Release|Any CPU
		{50B1A443-2A50-4E84-BE2C-24220CCEC3EF}.AppStore|iPhoneSimulator.Build.0 = Release|Any CPU
		{50B1A443-2A50-4E84-BE2C-24220CCEC3EF}.AppStore|x64.ActiveCfg = Release|Any CPU
		{50B1A443-2A50-4E84-BE2C-24220CCEC3EF}.AppStore|x64.Build.0 = Release|Any CPU
		{50B1A443-2A50-4E84-BE2C-24220CCEC3EF}.AppStore|x86.ActiveCfg = Release|Any CPU
		{50B1A443-2A50-4E84-BE2C-24220CCEC3EF}.AppStore|x86.Build.0 = Release|Any CPU
		{50B1A443-2A50-4E84-BE2C-24220CCEC3EF}.ConsoleRunner|Any CPU.ActiveCfg = ConsoleRunner|Any CPU
		{50B1A443-2A50-4E84-BE2C-24220CCEC3EF}.ConsoleRunner|Any CPU.Build.0 = ConsoleRunner|Any CPU
		{50B1A443-2A50-4E84-BE2C-24220CCEC3EF}.ConsoleRunner|ARM.ActiveCfg = ConsoleRunner|Any CPU
		{50B1A443-2A50-4E84-BE2C-24220CCEC3EF}.ConsoleRunner|ARM.Build.0 = ConsoleRunner|Any CPU
		{50B1A443-2A50-4E84-BE2C-24220CCEC3EF}.ConsoleRunner|iPhone.ActiveCfg = ConsoleRunner|Any CPU
		{50B1A443-2A50-4E84-BE2C-24220CCEC3EF}.ConsoleRunner|iPhone.Build.0 = ConsoleRunner|Any CPU
		{50B1A443-2A50-4E84-BE2C-24220CCEC3EF}.ConsoleRunner|iPhoneSimulator.ActiveCfg = ConsoleRunner|Any CPU
		{50B1A443-2A50-4E84-BE2C-24220CCEC3EF}.ConsoleRunner|iPhoneSimulator.Build.0 = ConsoleRunner|Any CPU
		{50B1A443-2A50-4E84-BE2C-24220CCEC3EF}.ConsoleRunner|x64.ActiveCfg = ConsoleRunner|Any CPU
		{50B1A443-2A50-4E84-BE2C-24220CCEC3EF}.ConsoleRunner|x64.Build.0 = ConsoleRunner|Any CPU
		{50B1A443-2A50-4E84-BE2C-24220CCEC3EF}.ConsoleRunner|x86.ActiveCfg = ConsoleRunner|Any CPU
		{50B1A443-2A50-4E84-BE2C-24220CCEC3EF}.ConsoleRunner|x86.Build.0 = ConsoleRunner|Any CPU
		{50B1A443-2A50-4E84-BE2C-24220CCEC3EF}.Debug|Any CPU.ActiveCfg = Debug|Any CPU
		{50B1A443-2A50-4E84-BE2C-24220CCEC3EF}.Debug|Any CPU.Build.0 = Debug|Any CPU
		{50B1A443-2A50-4E84-BE2C-24220CCEC3EF}.Debug|ARM.ActiveCfg = Debug|Any CPU
		{50B1A443-2A50-4E84-BE2C-24220CCEC3EF}.Debug|ARM.Build.0 = Debug|Any CPU
		{50B1A443-2A50-4E84-BE2C-24220CCEC3EF}.Debug|iPhone.ActiveCfg = Debug|Any CPU
		{50B1A443-2A50-4E84-BE2C-24220CCEC3EF}.Debug|iPhone.Build.0 = Debug|Any CPU
		{50B1A443-2A50-4E84-BE2C-24220CCEC3EF}.Debug|iPhoneSimulator.ActiveCfg = Debug|Any CPU
		{50B1A443-2A50-4E84-BE2C-24220CCEC3EF}.Debug|iPhoneSimulator.Build.0 = Debug|Any CPU
		{50B1A443-2A50-4E84-BE2C-24220CCEC3EF}.Debug|x64.ActiveCfg = Debug|Any CPU
		{50B1A443-2A50-4E84-BE2C-24220CCEC3EF}.Debug|x64.Build.0 = Debug|Any CPU
		{50B1A443-2A50-4E84-BE2C-24220CCEC3EF}.Debug|x86.ActiveCfg = Debug|Any CPU
		{50B1A443-2A50-4E84-BE2C-24220CCEC3EF}.Debug|x86.Build.0 = Debug|Any CPU
		{50B1A443-2A50-4E84-BE2C-24220CCEC3EF}.Release|Any CPU.ActiveCfg = Release|Any CPU
		{50B1A443-2A50-4E84-BE2C-24220CCEC3EF}.Release|Any CPU.Build.0 = Release|Any CPU
		{50B1A443-2A50-4E84-BE2C-24220CCEC3EF}.Release|ARM.ActiveCfg = Release|Any CPU
		{50B1A443-2A50-4E84-BE2C-24220CCEC3EF}.Release|ARM.Build.0 = Release|Any CPU
		{50B1A443-2A50-4E84-BE2C-24220CCEC3EF}.Release|iPhone.ActiveCfg = Release|Any CPU
		{50B1A443-2A50-4E84-BE2C-24220CCEC3EF}.Release|iPhone.Build.0 = Release|Any CPU
		{50B1A443-2A50-4E84-BE2C-24220CCEC3EF}.Release|iPhoneSimulator.ActiveCfg = Release|Any CPU
		{50B1A443-2A50-4E84-BE2C-24220CCEC3EF}.Release|iPhoneSimulator.Build.0 = Release|Any CPU
		{50B1A443-2A50-4E84-BE2C-24220CCEC3EF}.Release|x64.ActiveCfg = Release|Any CPU
		{50B1A443-2A50-4E84-BE2C-24220CCEC3EF}.Release|x64.Build.0 = Release|Any CPU
		{50B1A443-2A50-4E84-BE2C-24220CCEC3EF}.Release|x86.ActiveCfg = Release|Any CPU
		{50B1A443-2A50-4E84-BE2C-24220CCEC3EF}.Release|x86.Build.0 = Release|Any CPU
		{F0B9B8B0-C8E1-4A7F-A354-CBEFE181513A}.Ad-Hoc|Any CPU.ActiveCfg = Release|Any CPU
		{F0B9B8B0-C8E1-4A7F-A354-CBEFE181513A}.Ad-Hoc|Any CPU.Build.0 = Release|Any CPU
		{F0B9B8B0-C8E1-4A7F-A354-CBEFE181513A}.Ad-Hoc|ARM.ActiveCfg = Release|Any CPU
		{F0B9B8B0-C8E1-4A7F-A354-CBEFE181513A}.Ad-Hoc|ARM.Build.0 = Release|Any CPU
		{F0B9B8B0-C8E1-4A7F-A354-CBEFE181513A}.Ad-Hoc|iPhone.ActiveCfg = Release|Any CPU
		{F0B9B8B0-C8E1-4A7F-A354-CBEFE181513A}.Ad-Hoc|iPhone.Build.0 = Release|Any CPU
		{F0B9B8B0-C8E1-4A7F-A354-CBEFE181513A}.Ad-Hoc|iPhoneSimulator.ActiveCfg = Release|Any CPU
		{F0B9B8B0-C8E1-4A7F-A354-CBEFE181513A}.Ad-Hoc|iPhoneSimulator.Build.0 = Release|Any CPU
		{F0B9B8B0-C8E1-4A7F-A354-CBEFE181513A}.Ad-Hoc|x64.ActiveCfg = Release|Any CPU
		{F0B9B8B0-C8E1-4A7F-A354-CBEFE181513A}.Ad-Hoc|x64.Build.0 = Release|Any CPU
		{F0B9B8B0-C8E1-4A7F-A354-CBEFE181513A}.Ad-Hoc|x86.ActiveCfg = Release|Any CPU
		{F0B9B8B0-C8E1-4A7F-A354-CBEFE181513A}.Ad-Hoc|x86.Build.0 = Release|Any CPU
		{F0B9B8B0-C8E1-4A7F-A354-CBEFE181513A}.AppStore|Any CPU.ActiveCfg = Release|Any CPU
		{F0B9B8B0-C8E1-4A7F-A354-CBEFE181513A}.AppStore|Any CPU.Build.0 = Release|Any CPU
		{F0B9B8B0-C8E1-4A7F-A354-CBEFE181513A}.AppStore|ARM.ActiveCfg = Release|Any CPU
		{F0B9B8B0-C8E1-4A7F-A354-CBEFE181513A}.AppStore|ARM.Build.0 = Release|Any CPU
		{F0B9B8B0-C8E1-4A7F-A354-CBEFE181513A}.AppStore|iPhone.ActiveCfg = Release|Any CPU
		{F0B9B8B0-C8E1-4A7F-A354-CBEFE181513A}.AppStore|iPhone.Build.0 = Release|Any CPU
		{F0B9B8B0-C8E1-4A7F-A354-CBEFE181513A}.AppStore|iPhoneSimulator.ActiveCfg = Release|Any CPU
		{F0B9B8B0-C8E1-4A7F-A354-CBEFE181513A}.AppStore|iPhoneSimulator.Build.0 = Release|Any CPU
		{F0B9B8B0-C8E1-4A7F-A354-CBEFE181513A}.AppStore|x64.ActiveCfg = Release|Any CPU
		{F0B9B8B0-C8E1-4A7F-A354-CBEFE181513A}.AppStore|x64.Build.0 = Release|Any CPU
		{F0B9B8B0-C8E1-4A7F-A354-CBEFE181513A}.AppStore|x86.ActiveCfg = Release|Any CPU
		{F0B9B8B0-C8E1-4A7F-A354-CBEFE181513A}.AppStore|x86.Build.0 = Release|Any CPU
		{F0B9B8B0-C8E1-4A7F-A354-CBEFE181513A}.ConsoleRunner|Any CPU.ActiveCfg = ConsoleRunner|Any CPU
		{F0B9B8B0-C8E1-4A7F-A354-CBEFE181513A}.ConsoleRunner|Any CPU.Build.0 = ConsoleRunner|Any CPU
		{F0B9B8B0-C8E1-4A7F-A354-CBEFE181513A}.ConsoleRunner|ARM.ActiveCfg = ConsoleRunner|Any CPU
		{F0B9B8B0-C8E1-4A7F-A354-CBEFE181513A}.ConsoleRunner|ARM.Build.0 = ConsoleRunner|Any CPU
		{F0B9B8B0-C8E1-4A7F-A354-CBEFE181513A}.ConsoleRunner|iPhone.ActiveCfg = ConsoleRunner|Any CPU
		{F0B9B8B0-C8E1-4A7F-A354-CBEFE181513A}.ConsoleRunner|iPhone.Build.0 = ConsoleRunner|Any CPU
		{F0B9B8B0-C8E1-4A7F-A354-CBEFE181513A}.ConsoleRunner|iPhoneSimulator.ActiveCfg = ConsoleRunner|Any CPU
		{F0B9B8B0-C8E1-4A7F-A354-CBEFE181513A}.ConsoleRunner|iPhoneSimulator.Build.0 = ConsoleRunner|Any CPU
		{F0B9B8B0-C8E1-4A7F-A354-CBEFE181513A}.ConsoleRunner|x64.ActiveCfg = ConsoleRunner|Any CPU
		{F0B9B8B0-C8E1-4A7F-A354-CBEFE181513A}.ConsoleRunner|x64.Build.0 = ConsoleRunner|Any CPU
		{F0B9B8B0-C8E1-4A7F-A354-CBEFE181513A}.ConsoleRunner|x86.ActiveCfg = ConsoleRunner|Any CPU
		{F0B9B8B0-C8E1-4A7F-A354-CBEFE181513A}.ConsoleRunner|x86.Build.0 = ConsoleRunner|Any CPU
		{F0B9B8B0-C8E1-4A7F-A354-CBEFE181513A}.Debug|Any CPU.ActiveCfg = Debug|Any CPU
		{F0B9B8B0-C8E1-4A7F-A354-CBEFE181513A}.Debug|Any CPU.Build.0 = Debug|Any CPU
		{F0B9B8B0-C8E1-4A7F-A354-CBEFE181513A}.Debug|ARM.ActiveCfg = Debug|Any CPU
		{F0B9B8B0-C8E1-4A7F-A354-CBEFE181513A}.Debug|ARM.Build.0 = Debug|Any CPU
		{F0B9B8B0-C8E1-4A7F-A354-CBEFE181513A}.Debug|iPhone.ActiveCfg = Debug|Any CPU
		{F0B9B8B0-C8E1-4A7F-A354-CBEFE181513A}.Debug|iPhone.Build.0 = Debug|Any CPU
		{F0B9B8B0-C8E1-4A7F-A354-CBEFE181513A}.Debug|iPhoneSimulator.ActiveCfg = Debug|Any CPU
		{F0B9B8B0-C8E1-4A7F-A354-CBEFE181513A}.Debug|iPhoneSimulator.Build.0 = Debug|Any CPU
		{F0B9B8B0-C8E1-4A7F-A354-CBEFE181513A}.Debug|x64.ActiveCfg = Debug|Any CPU
		{F0B9B8B0-C8E1-4A7F-A354-CBEFE181513A}.Debug|x64.Build.0 = Debug|Any CPU
		{F0B9B8B0-C8E1-4A7F-A354-CBEFE181513A}.Debug|x86.ActiveCfg = Debug|Any CPU
		{F0B9B8B0-C8E1-4A7F-A354-CBEFE181513A}.Debug|x86.Build.0 = Debug|Any CPU
		{F0B9B8B0-C8E1-4A7F-A354-CBEFE181513A}.Release|Any CPU.ActiveCfg = Release|Any CPU
		{F0B9B8B0-C8E1-4A7F-A354-CBEFE181513A}.Release|Any CPU.Build.0 = Release|Any CPU
		{F0B9B8B0-C8E1-4A7F-A354-CBEFE181513A}.Release|ARM.ActiveCfg = Release|Any CPU
		{F0B9B8B0-C8E1-4A7F-A354-CBEFE181513A}.Release|ARM.Build.0 = Release|Any CPU
		{F0B9B8B0-C8E1-4A7F-A354-CBEFE181513A}.Release|iPhone.ActiveCfg = Release|Any CPU
		{F0B9B8B0-C8E1-4A7F-A354-CBEFE181513A}.Release|iPhone.Build.0 = Release|Any CPU
		{F0B9B8B0-C8E1-4A7F-A354-CBEFE181513A}.Release|iPhoneSimulator.ActiveCfg = Release|Any CPU
		{F0B9B8B0-C8E1-4A7F-A354-CBEFE181513A}.Release|iPhoneSimulator.Build.0 = Release|Any CPU
		{F0B9B8B0-C8E1-4A7F-A354-CBEFE181513A}.Release|x64.ActiveCfg = Release|Any CPU
		{F0B9B8B0-C8E1-4A7F-A354-CBEFE181513A}.Release|x64.Build.0 = Release|Any CPU
		{F0B9B8B0-C8E1-4A7F-A354-CBEFE181513A}.Release|x86.ActiveCfg = Release|Any CPU
		{F0B9B8B0-C8E1-4A7F-A354-CBEFE181513A}.Release|x86.Build.0 = Release|Any CPU
	EndGlobalSection
	GlobalSection(SolutionProperties) = preSolution
		HideSolutionNode = FALSE
	EndGlobalSection
EndGlobal
